
Microsoft Visual Studio Solution File, Format Version 12.00
# Visual Studio Version 17
VisualStudioVersion = 17.10.35122.118
MinimumVisualStudioVersion = 10.0.40219.1
Project("{FAE04EC0-301F-11D3-BF4B-00C04F79EFBC}") = "API_RedMango", "API_RedMango\API_RedMango.csproj", "{3D092274-375F-4ECB-98FF-037D22CFFE22}"
EndProject
Global
	GlobalSection(SolutionConfigurationPlatforms) = preSolution
		Debug|Any CPU = Debug|Any CPU
		Release|Any CPU = Release|Any CPU
	EndGlobalSection
	GlobalSection(ProjectConfigurationPlatforms) = postSolution
		{3D092274-375F-4ECB-98FF-037D22CFFE22}.Debug|Any CPU.ActiveCfg = Debug|Any CPU
		{3D092274-375F-4ECB-98FF-037D22CFFE22}.Debug|Any CPU.Build.0 = Debug|Any CPU
		{3D092274-375F-4ECB-98FF-037D22CFFE22}.Release|Any CPU.ActiveCfg = Release|Any CPU
		{3D092274-375F-4ECB-98FF-037D22CFFE22}.Release|Any CPU.Build.0 = Release|Any CPU
	EndGlobalSection
	GlobalSection(SolutionProperties) = preSolution
		HideSolutionNode = FALSE
	EndGlobalSection
	GlobalSection(ExtensibilityGlobals) = postSolution
		SolutionGuid = {3B030BC8-363B-452F-8093-BA4775144873}
	EndGlobalSection
EndGlobal
